
Microsoft Visual Studio Solution File, Format Version 11.00
# Visual Studio 2010
Project("{FAE04EC0-301F-11D3-BF4B-00C04F79EFBC}") = "JqueryTest", "JqueryTest\JqueryTest.csproj", "{F99A1EE7-64EA-478D-8297-746904002834}"
EndProject
Project("{FAE04EC0-301F-11D3-BF4B-00C04F79EFBC}") = "JqueryTest.Tests", "JqueryTest.Tests\JqueryTest.Tests.csproj", "{7CDC78B3-E60A-4B72-95C4-E1EF521896BB}"
EndProject
Global
	GlobalSection(SolutionConfigurationPlatforms) = preSolution
		Debug|Any CPU = Debug|Any CPU
		Release|Any CPU = Release|Any CPU
	EndGlobalSection
	GlobalSection(ProjectConfigurationPlatforms) = postSolution
		{F99A1EE7-64EA-478D-8297-746904002834}.Debug|Any CPU.ActiveCfg = Debug|Any CPU
		{F99A1EE7-64EA-478D-8297-746904002834}.Debug|Any CPU.Build.0 = Debug|Any CPU
		{F99A1EE7-64EA-478D-8297-746904002834}.Release|Any CPU.ActiveCfg = Release|Any CPU
		{F99A1EE7-64EA-478D-8297-746904002834}.Release|Any CPU.Build.0 = Release|Any CPU
		{7CDC78B3-E60A-4B72-95C4-E1EF521896BB}.Debug|Any CPU.ActiveCfg = Debug|Any CPU
		{7CDC78B3-E60A-4B72-95C4-E1EF521896BB}.Debug|Any CPU.Build.0 = Debug|Any CPU
		{7CDC78B3-E60A-4B72-95C4-E1EF521896BB}.Release|Any CPU.ActiveCfg = Release|Any CPU
		{7CDC78B3-E60A-4B72-95C4-E1EF521896BB}.Release|Any CPU.Build.0 = Release|Any CPU
	EndGlobalSection
	GlobalSection(SolutionProperties) = preSolution
		HideSolutionNode = FALSE
	EndGlobalSection
EndGlobal
